// !$*UTF8*$!
{
	archiveVersion = 1;
	classes = {
	};
	objectVersion = 56;
	objects = {

/* Begin PBXBuildFile section */
		E143962929ACBC0700CC4E70 /* swiftui_component_examplesApp.swift in Sources */ = {isa = PBXBuildFile; fileRef = E143962829ACBC0700CC4E70 /* swiftui_component_examplesApp.swift */; };
		E143962B29ACBC0700CC4E70 /* ContentView.swift in Sources */ = {isa = PBXBuildFile; fileRef = E143962A29ACBC0700CC4E70 /* ContentView.swift */; };
		E143962D29ACBC0800CC4E70 /* Assets.xcassets in Resources */ = {isa = PBXBuildFile; fileRef = E143962C29ACBC0800CC4E70 /* Assets.xcassets */; };
		E143963029ACBC0800CC4E70 /* Preview Assets.xcassets in Resources */ = {isa = PBXBuildFile; fileRef = E143962F29ACBC0800CC4E70 /* Preview Assets.xcassets */; };
		E143963829ACBC5500CC4E70 /* NukeUI in Frameworks */ = {isa = PBXBuildFile; productRef = E143963729ACBC5500CC4E70 /* NukeUI */; };
		E143963B29ACBC8100CC4E70 /* GRPC in Frameworks */ = {isa = PBXBuildFile; productRef = E143963A29ACBC8100CC4E70 /* GRPC */; };
		E143963E29ACBCA800CC4E70 /* SwiftProtobuf in Frameworks */ = {isa = PBXBuildFile; productRef = E143963D29ACBCA800CC4E70 /* SwiftProtobuf */; };
		E143964029ACBD4500CC4E70 /* GradientButton.swift in Sources */ = {isa = PBXBuildFile; fileRef = E143963F29ACBD4500CC4E70 /* GradientButton.swift */; };
		E143964329ACBECF00CC4E70 /* Recommendation.swift in Sources */ = {isa = PBXBuildFile; fileRef = E143964229ACBECF00CC4E70 /* Recommendation.swift */; };
		E143964529ACBEE600CC4E70 /* User.swift in Sources */ = {isa = PBXBuildFile; fileRef = E143964429ACBEE600CC4E70 /* User.swift */; };
		E143964729ACBF0400CC4E70 /* Media.swift in Sources */ = {isa = PBXBuildFile; fileRef = E143964629ACBF0400CC4E70 /* Media.swift */; };
		E143964929ACBF4B00CC4E70 /* TopCard.swift in Sources */ = {isa = PBXBuildFile; fileRef = E143964829ACBF4B00CC4E70 /* TopCard.swift */; };
		E143964B29ACBFBF00CC4E70 /* DottedProgress.swift in Sources */ = {isa = PBXBuildFile; fileRef = E143964A29ACBFBF00CC4E70 /* DottedProgress.swift */; };
		E143964E29ACC02800CC4E70 /* Images.swift in Sources */ = {isa = PBXBuildFile; fileRef = E143964D29ACC02800CC4E70 /* Images.swift */; };
		E143965029ACC2B700CC4E70 /* UserMatch.swift in Sources */ = {isa = PBXBuildFile; fileRef = E143964F29ACC2B700CC4E70 /* UserMatch.swift */; };
		E143965229ACC2D800CC4E70 /* MatchCell.swift in Sources */ = {isa = PBXBuildFile; fileRef = E143965129ACC2D800CC4E70 /* MatchCell.swift */; };
		E143965429ACC32300CC4E70 /* Match.swift in Sources */ = {isa = PBXBuildFile; fileRef = E143965329ACC32300CC4E70 /* Match.swift */; };
		E143965629ACC33A00CC4E70 /* Dialog.swift in Sources */ = {isa = PBXBuildFile; fileRef = E143965529ACC33A00CC4E70 /* Dialog.swift */; };
		E143965829ACC36000CC4E70 /* Message.swift in Sources */ = {isa = PBXBuildFile; fileRef = E143965729ACC36000CC4E70 /* Message.swift */; };
		E143965A29ACC43900CC4E70 /* Color+Extension.swift in Sources */ = {isa = PBXBuildFile; fileRef = E143965929ACC43900CC4E70 /* Color+Extension.swift */; };
		E143965C29ACC50300CC4E70 /* OneLineTextField.swift in Sources */ = {isa = PBXBuildFile; fileRef = E143965B29ACC50300CC4E70 /* OneLineTextField.swift */; };
/* End PBXBuildFile section */

/* Begin PBXFileReference section */
		E143962529ACBC0700CC4E70 /* swiftui-component-examples.app */ = {isa = PBXFileReference; explicitFileType = wrapper.application; includeInIndex = 0; path = "swiftui-component-examples.app"; sourceTree = BUILT_PRODUCTS_DIR; };
		E143962829ACBC0700CC4E70 /* swiftui_component_examplesApp.swift */ = {isa = PBXFileReference; lastKnownFileType = sourcecode.swift; path = swiftui_component_examplesApp.swift; sourceTree = "<group>"; };
		E143962A29ACBC0700CC4E70 /* ContentView.swift */ = {isa = PBXFileReference; lastKnownFileType = sourcecode.swift; path = ContentView.swift; sourceTree = "<group>"; };
		E143962C29ACBC0800CC4E70 /* Assets.xcassets */ = {isa = PBXFileReference; lastKnownFileType = folder.assetcatalog; path = Assets.xcassets; sourceTree = "<group>"; };
		E143962F29ACBC0800CC4E70 /* Preview Assets.xcassets */ = {isa = PBXFileReference; lastKnownFileType = folder.assetcatalog; path = "Preview Assets.xcassets"; sourceTree = "<group>"; };
		E143963F29ACBD4500CC4E70 /* GradientButton.swift */ = {isa = PBXFileReference; lastKnownFileType = sourcecode.swift; path = GradientButton.swift; sourceTree = "<group>"; };
		E143964229ACBECF00CC4E70 /* Recommendation.swift */ = {isa = PBXFileReference; lastKnownFileType = sourcecode.swift; path = Recommendation.swift; sourceTree = "<group>"; };
		E143964429ACBEE600CC4E70 /* User.swift */ = {isa = PBXFileReference; lastKnownFileType = sourcecode.swift; path = User.swift; sourceTree = "<group>"; };
		E143964629ACBF0400CC4E70 /* Media.swift */ = {isa = PBXFileReference; lastKnownFileType = sourcecode.swift; path = Media.swift; sourceTree = "<group>"; };
		E143964829ACBF4B00CC4E70 /* TopCard.swift */ = {isa = PBXFileReference; lastKnownFileType = sourcecode.swift; path = TopCard.swift; sourceTree = "<group>"; };
		E143964A29ACBFBF00CC4E70 /* DottedProgress.swift */ = {isa = PBXFileReference; lastKnownFileType = sourcecode.swift; path = DottedProgress.swift; sourceTree = "<group>"; };
		E143964D29ACC02800CC4E70 /* Images.swift */ = {isa = PBXFileReference; lastKnownFileType = sourcecode.swift; path = Images.swift; sourceTree = "<group>"; };
		E143964F29ACC2B700CC4E70 /* UserMatch.swift */ = {isa = PBXFileReference; lastKnownFileType = sourcecode.swift; path = UserMatch.swift; sourceTree = "<group>"; };
		E143965129ACC2D800CC4E70 /* MatchCell.swift */ = {isa = PBXFileReference; lastKnownFileType = sourcecode.swift; path = MatchCell.swift; sourceTree = "<group>"; };
		E143965329ACC32300CC4E70 /* Match.swift */ = {isa = PBXFileReference; lastKnownFileType = sourcecode.swift; path = Match.swift; sourceTree = "<group>"; };
		E143965529ACC33A00CC4E70 /* Dialog.swift */ = {isa = PBXFileReference; lastKnownFileType = sourcecode.swift; path = Dialog.swift; sourceTree = "<group>"; };
		E143965729ACC36000CC4E70 /* Message.swift */ = {isa = PBXFileReference; lastKnownFileType = sourcecode.swift; path = Message.swift; sourceTree = "<group>"; };
		E143965929ACC43900CC4E70 /* Color+Extension.swift */ = {isa = PBXFileReference; lastKnownFileType = sourcecode.swift; path = "Color+Extension.swift"; sourceTree = "<group>"; };
		E143965B29ACC50300CC4E70 /* OneLineTextField.swift */ = {isa = PBXFileReference; lastKnownFileType = sourcecode.swift; path = OneLineTextField.swift; sourceTree = "<group>"; };
/* End PBXFileReference section */

/* Begin PBXFrameworksBuildPhase section */
		E143962229ACBC0700CC4E70 /* Frameworks */ = {
			isa = PBXFrameworksBuildPhase;
			buildActionMask = 2147483647;
			files = (
				E143963B29ACBC8100CC4E70 /* GRPC in Frameworks */,
				E143963829ACBC5500CC4E70 /* NukeUI in Frameworks */,
				E143963E29ACBCA800CC4E70 /* SwiftProtobuf in Frameworks */,
			);
			runOnlyForDeploymentPostprocessing = 0;
		};
/* End PBXFrameworksBuildPhase section */

/* Begin PBXGroup section */
		E143961C29ACBC0700CC4E70 = {
			isa = PBXGroup;
			children = (
				E143962729ACBC0700CC4E70 /* swiftui-component-examples */,
				E143962629ACBC0700CC4E70 /* Products */,
			);
			sourceTree = "<group>";
		};
		E143962629ACBC0700CC4E70 /* Products */ = {
			isa = PBXGroup;
			children = (
				E143962529ACBC0700CC4E70 /* swiftui-component-examples.app */,
			);
			name = Products;
			sourceTree = "<group>";
		};
		E143962729ACBC0700CC4E70 /* swiftui-component-examples */ = {
			isa = PBXGroup;
			children = (
				E143964C29ACC01B00CC4E70 /* Extensions */,
				E143964129ACBEB600CC4E70 /* Dto */,
				E143962829ACBC0700CC4E70 /* swiftui_component_examplesApp.swift */,
				E143962A29ACBC0700CC4E70 /* ContentView.swift */,
				E143963F29ACBD4500CC4E70 /* GradientButton.swift */,
				E143962C29ACBC0800CC4E70 /* Assets.xcassets */,
				E143962E29ACBC0800CC4E70 /* Preview Content */,
				E143964829ACBF4B00CC4E70 /* TopCard.swift */,
				E143964A29ACBFBF00CC4E70 /* DottedProgress.swift */,
				E143965129ACC2D800CC4E70 /* MatchCell.swift */,
				E143965B29ACC50300CC4E70 /* OneLineTextField.swift */,
			);
			path = "swiftui-component-examples";
			sourceTree = "<group>";
		};
		E143962E29ACBC0800CC4E70 /* Preview Content */ = {
			isa = PBXGroup;
			children = (
				E143962F29ACBC0800CC4E70 /* Preview Assets.xcassets */,
			);
			path = "Preview Content";
			sourceTree = "<group>";
		};
		E143964129ACBEB600CC4E70 /* Dto */ = {
			isa = PBXGroup;
			children = (
				E143964229ACBECF00CC4E70 /* Recommendation.swift */,
				E143964429ACBEE600CC4E70 /* User.swift */,
				E143964629ACBF0400CC4E70 /* Media.swift */,
				E143964F29ACC2B700CC4E70 /* UserMatch.swift */,
				E143965329ACC32300CC4E70 /* Match.swift */,
				E143965529ACC33A00CC4E70 /* Dialog.swift */,
				E143965729ACC36000CC4E70 /* Message.swift */,
			);
			path = Dto;
			sourceTree = "<group>";
		};
		E143964C29ACC01B00CC4E70 /* Extensions */ = {
			isa = PBXGroup;
			children = (
				E143964D29ACC02800CC4E70 /* Images.swift */,
				E143965929ACC43900CC4E70 /* Color+Extension.swift */,
			);
			path = Extensions;
			sourceTree = "<group>";
		};
/* End PBXGroup section */

/* Begin PBXNativeTarget section */
		E143962429ACBC0700CC4E70 /* swiftui-component-examples */ = {
			isa = PBXNativeTarget;
			buildConfigurationList = E143963329ACBC0800CC4E70 /* Build configuration list for PBXNativeTarget "swiftui-component-examples" */;
			buildPhases = (
				E143962129ACBC0700CC4E70 /* Sources */,
				E143962229ACBC0700CC4E70 /* Frameworks */,
				E143962329ACBC0700CC4E70 /* Resources */,
			);
			buildRules = (
			);
			dependencies = (
			);
			name = "swiftui-component-examples";
			packageProductDependencies = (
				E143963729ACBC5500CC4E70 /* NukeUI */,
				E143963A29ACBC8100CC4E70 /* GRPC */,
				E143963D29ACBCA800CC4E70 /* SwiftProtobuf */,
			);
			productName = "swiftui-component-examples";
			productReference = E143962529ACBC0700CC4E70 /* swiftui-component-examples.app */;
			productType = "com.apple.product-type.application";
		};
/* End PBXNativeTarget section */

/* Begin PBXProject section */
		E143961D29ACBC0700CC4E70 /* Project object */ = {
			isa = PBXProject;
			attributes = {
				BuildIndependentTargetsInParallel = 1;
				LastSwiftUpdateCheck = 1420;
				LastUpgradeCheck = 1420;
				TargetAttributes = {
					E143962429ACBC0700CC4E70 = {
						CreatedOnToolsVersion = 14.2;
					};
				};
			};
			buildConfigurationList = E143962029ACBC0700CC4E70 /* Build configuration list for PBXProject "swiftui-component-examples" */;
			compatibilityVersion = "Xcode 14.0";
			developmentRegion = en;
			hasScannedForEncodings = 0;
			knownRegions = (
				en,
				Base,
			);
			mainGroup = E143961C29ACBC0700CC4E70;
			packageReferences = (
				E143963629ACBC5500CC4E70 /* XCRemoteSwiftPackageReference "NukeUI" */,
				E143963929ACBC8100CC4E70 /* XCRemoteSwiftPackageReference "grpc-swift" */,
				E143963C29ACBCA800CC4E70 /* XCRemoteSwiftPackageReference "swift-protobuf" */,
			);
			productRefGroup = E143962629ACBC0700CC4E70 /* Products */;
			projectDirPath = "";
			projectRoot = "";
			targets = (
				E143962429ACBC0700CC4E70 /* swiftui-component-examples */,
			);
		};
/* End PBXProject section */

/* Begin PBXResourcesBuildPhase section */
		E143962329ACBC0700CC4E70 /* Resources */ = {
			isa = PBXResourcesBuildPhase;
			buildActionMask = 2147483647;
			files = (
				E143963029ACBC0800CC4E70 /* Preview Assets.xcassets in Resources */,
				E143962D29ACBC0800CC4E70 /* Assets.xcassets in Resources */,
			);
			runOnlyForDeploymentPostprocessing = 0;
		};
/* End PBXResourcesBuildPhase section */

/* Begin PBXSourcesBuildPhase section */
		E143962129ACBC0700CC4E70 /* Sources */ = {
			isa = PBXSourcesBuildPhase;
			buildActionMask = 2147483647;
			files = (
				E143964B29ACBFBF00CC4E70 /* DottedProgress.swift in Sources */,
				E143965A29ACC43900CC4E70 /* Color+Extension.swift in Sources */,
				E143964329ACBECF00CC4E70 /* Recommendation.swift in Sources */,
				E143962B29ACBC0700CC4E70 /* ContentView.swift in Sources */,
				E143965C29ACC50300CC4E70 /* OneLineTextField.swift in Sources */,
				E143964729ACBF0400CC4E70 /* Media.swift in Sources */,
				E143965029ACC2B700CC4E70 /* UserMatch.swift in Sources */,
				E143964E29ACC02800CC4E70 /* Images.swift in Sources */,
				E143964029ACBD4500CC4E70 /* GradientButton.swift in Sources */,
				E143964529ACBEE600CC4E70 /* User.swift in Sources */,
				E143965229ACC2D800CC4E70 /* MatchCell.swift in Sources */,
				E143964929ACBF4B00CC4E70 /* TopCard.swift in Sources */,
				E143965629ACC33A00CC4E70 /* Dialog.swift in Sources */,
				E143962929ACBC0700CC4E70 /* swiftui_component_examplesApp.swift in Sources */,
				E143965429ACC32300CC4E70 /* Match.swift in Sources */,
				E143965829ACC36000CC4E70 /* Message.swift in Sources */,
			);
			runOnlyForDeploymentPostprocessing = 0;
		};
/* End PBXSourcesBuildPhase section */

/* Begin XCBuildConfiguration section */
		E143963129ACBC0800CC4E70 /* Debug */ = {
			isa = XCBuildConfiguration;
			buildSettings = {
				ALWAYS_SEARCH_USER_PATHS = NO;
				CLANG_ANALYZER_NONNULL = YES;
				CLANG_ANALYZER_NUMBER_OBJECT_CONVERSION = YES_AGGRESSIVE;
				CLANG_CXX_LANGUAGE_STANDARD = "gnu++20";
				CLANG_ENABLE_MODULES = YES;
				CLANG_ENABLE_OBJC_ARC = YES;
				CLANG_ENABLE_OBJC_WEAK = YES;
				CLANG_WARN_BLOCK_CAPTURE_AUTORELEASING = YES;
				CLANG_WARN_BOOL_CONVERSION = YES;
				CLANG_WARN_COMMA = YES;
				CLANG_WARN_CONSTANT_CONVERSION = YES;
				CLANG_WARN_DEPRECATED_OBJC_IMPLEMENTATIONS = YES;
				CLANG_WARN_DIRECT_OBJC_ISA_USAGE = YES_ERROR;
				CLANG_WARN_DOCUMENTATION_COMMENTS = YES;
				CLANG_WARN_EMPTY_BODY = YES;
				CLANG_WARN_ENUM_CONVERSION = YES;
				CLANG_WARN_INFINITE_RECURSION = YES;
				CLANG_WARN_INT_CONVERSION = YES;
				CLANG_WARN_NON_LITERAL_NULL_CONVERSION = YES;
				CLANG_WARN_OBJC_IMPLICIT_RETAIN_SELF = YES;
				CLANG_WARN_OBJC_LITERAL_CONVERSION = YES;
				CLANG_WARN_OBJC_ROOT_CLASS = YES_ERROR;
				CLANG_WARN_QUOTED_INCLUDE_IN_FRAMEWORK_HEADER = YES;
				CLANG_WARN_RANGE_LOOP_ANALYSIS = YES;
				CLANG_WARN_STRICT_PROTOTYPES = YES;
				CLANG_WARN_SUSPICIOUS_MOVE = YES;
				CLANG_WARN_UNGUARDED_AVAILABILITY = YES_AGGRESSIVE;
				CLANG_WARN_UNREACHABLE_CODE = YES;
				CLANG_WARN__DUPLICATE_METHOD_MATCH = YES;
				COPY_PHASE_STRIP = NO;
				DEBUG_INFORMATION_FORMAT = dwarf;
				ENABLE_STRICT_OBJC_MSGSEND = YES;
				ENABLE_TESTABILITY = YES;
				GCC_C_LANGUAGE_STANDARD = gnu11;
				GCC_DYNAMIC_NO_PIC = NO;
				GCC_NO_COMMON_BLOCKS = YES;
				GCC_OPTIMIZATION_LEVEL = 0;
				GCC_PREPROCESSOR_DEFINITIONS = (
					"DEBUG=1",
					"$(inherited)",
				);
				GCC_WARN_64_TO_32_BIT_CONVERSION = YES;
				GCC_WARN_ABOUT_RETURN_TYPE = YES_ERROR;
				GCC_WARN_UNDECLARED_SELECTOR = YES;
				GCC_WARN_UNINITIALIZED_AUTOS = YES_AGGRESSIVE;
				GCC_WARN_UNUSED_FUNCTION = YES;
				GCC_WARN_UNUSED_VARIABLE = YES;
				IPHONEOS_DEPLOYMENT_TARGET = 16.2;
				MTL_ENABLE_DEBUG_INFO = INCLUDE_SOURCE;
				MTL_FAST_MATH = YES;
				ONLY_ACTIVE_ARCH = YES;
				SDKROOT = iphoneos;
				SWIFT_ACTIVE_COMPILATION_CONDITIONS = DEBUG;
				SWIFT_OPTIMIZATION_LEVEL = "-Onone";
			};
			name = Debug;
		};
		E143963229ACBC0800CC4E70 /* Release */ = {
			isa = XCBuildConfiguration;
			buildSettings = {
				ALWAYS_SEARCH_USER_PATHS = NO;
				CLANG_ANALYZER_NONNULL = YES;
				CLANG_ANALYZER_NUMBER_OBJECT_CONVERSION = YES_AGGRESSIVE;
				CLANG_CXX_LANGUAGE_STANDARD = "gnu++20";
				CLANG_ENABLE_MODULES = YES;
				CLANG_ENABLE_OBJC_ARC = YES;
				CLANG_ENABLE_OBJC_WEAK = YES;
				CLANG_WARN_BLOCK_CAPTURE_AUTORELEASING = YES;
				CLANG_WARN_BOOL_CONVERSION = YES;
				CLANG_WARN_COMMA = YES;
				CLANG_WARN_CONSTANT_CONVERSION = YES;
				CLANG_WARN_DEPRECATED_OBJC_IMPLEMENTATIONS = YES;
				CLANG_WARN_DIRECT_OBJC_ISA_USAGE = YES_ERROR;
				CLANG_WARN_DOCUMENTATION_COMMENTS = YES;
				CLANG_WARN_EMPTY_BODY = YES;
				CLANG_WARN_ENUM_CONVERSION = YES;
				CLANG_WARN_INFINITE_RECURSION = YES;
				CLANG_WARN_INT_CONVERSION = YES;
				CLANG_WARN_NON_LITERAL_NULL_CONVERSION = YES;
				CLANG_WARN_OBJC_IMPLICIT_RETAIN_SELF = YES;
				CLANG_WARN_OBJC_LITERAL_CONVERSION = YES;
				CLANG_WARN_OBJC_ROOT_CLASS = YES_ERROR;
				CLANG_WARN_QUOTED_INCLUDE_IN_FRAMEWORK_HEADER = YES;
				CLANG_WARN_RANGE_LOOP_ANALYSIS = YES;
				CLANG_WARN_STRICT_PROTOTYPES = YES;
				CLANG_WARN_SUSPICIOUS_MOVE = YES;
				CLANG_WARN_UNGUARDED_AVAILABILITY = YES_AGGRESSIVE;
				CLANG_WARN_UNREACHABLE_CODE = YES;
				CLANG_WARN__DUPLICATE_METHOD_MATCH = YES;
				COPY_PHASE_STRIP = NO;
				DEBUG_INFORMATION_FORMAT = "dwarf-with-dsym";
				ENABLE_NS_ASSERTIONS = NO;
				ENABLE_STRICT_OBJC_MSGSEND = YES;
				GCC_C_LANGUAGE_STANDARD = gnu11;
				GCC_NO_COMMON_BLOCKS = YES;
				GCC_WARN_64_TO_32_BIT_CONVERSION = YES;
				GCC_WARN_ABOUT_RETURN_TYPE = YES_ERROR;
				GCC_WARN_UNDECLARED_SELECTOR = YES;
				GCC_WARN_UNINITIALIZED_AUTOS = YES_AGGRESSIVE;
				GCC_WARN_UNUSED_FUNCTION = YES;
				GCC_WARN_UNUSED_VARIABLE = YES;
				IPHONEOS_DEPLOYMENT_TARGET = 16.2;
				MTL_ENABLE_DEBUG_INFO = NO;
				MTL_FAST_MATH = YES;
				SDKROOT = iphoneos;
				SWIFT_COMPILATION_MODE = wholemodule;
				SWIFT_OPTIMIZATION_LEVEL = "-O";
				VALIDATE_PRODUCT = YES;
			};
			name = Release;
		};
		E143963429ACBC0800CC4E70 /* Debug */ = {
			isa = XCBuildConfiguration;
			buildSettings = {
				ASSETCATALOG_COMPILER_APPICON_NAME = AppIcon;
				ASSETCATALOG_COMPILER_GLOBAL_ACCENT_COLOR_NAME = AccentColor;
				CODE_SIGN_STYLE = Automatic;
				CURRENT_PROJECT_VERSION = 1;
				DEVELOPMENT_ASSET_PATHS = "\"swiftui-component-examples/Preview Content\"";
				DEVELOPMENT_TEAM = YQ54Y8KQBY;
				ENABLE_PREVIEWS = YES;
				GENERATE_INFOPLIST_FILE = YES;
				INFOPLIST_KEY_UIApplicationSceneManifest_Generation = YES;
				INFOPLIST_KEY_UIApplicationSupportsIndirectInputEvents = YES;
				INFOPLIST_KEY_UILaunchScreen_Generation = YES;
				INFOPLIST_KEY_UISupportedInterfaceOrientations_iPad = "UIInterfaceOrientationPortrait UIInterfaceOrientationPortraitUpsideDown UIInterfaceOrientationLandscapeLeft UIInterfaceOrientationLandscapeRight";
				INFOPLIST_KEY_UISupportedInterfaceOrientations_iPhone = "UIInterfaceOrientationPortrait UIInterfaceOrientationLandscapeLeft UIInterfaceOrientationLandscapeRight";
				LD_RUNPATH_SEARCH_PATHS = (
					"$(inherited)",
					"@executable_path/Frameworks",
				);
				MARKETING_VERSION = 1.0;
				PRODUCT_BUNDLE_IDENTIFIER = "stardev.swiftui-component-examples";
				PRODUCT_NAME = "$(TARGET_NAME)";
				SWIFT_EMIT_LOC_STRINGS = YES;
				SWIFT_VERSION = 5.0;
				TARGETED_DEVICE_FAMILY = "1,2";
			};
			name = Debug;
		};
		E143963529ACBC0800CC4E70 /* Release */ = {
			isa = XCBuildConfiguration;
			buildSettings = {
				ASSETCATALOG_COMPILER_APPICON_NAME = AppIcon;
				ASSETCATALOG_COMPILER_GLOBAL_ACCENT_COLOR_NAME = AccentColor;
				CODE_SIGN_STYLE = Automatic;
				CURRENT_PROJECT_VERSION = 1;
				DEVELOPMENT_ASSET_PATHS = "\"swiftui-component-examples/Preview Content\"";
				DEVELOPMENT_TEAM = YQ54Y8KQBY;
				ENABLE_PREVIEWS = YES;
				GENERATE_INFOPLIST_FILE = YES;
				INFOPLIST_KEY_UIApplicationSceneManifest_Generation = YES;
				INFOPLIST_KEY_UIApplicationSupportsIndirectInputEvents = YES;
				INFOPLIST_KEY_UILaunchScreen_Generation = YES;
				INFOPLIST_KEY_UISupportedInterfaceOrientations_iPad = "UIInterfaceOrientationPortrait UIInterfaceOrientationPortraitUpsideDown UIInterfaceOrientationLandscapeLeft UIInterfaceOrientationLandscapeRight";
				INFOPLIST_KEY_UISupportedInterfaceOrientations_iPhone = "UIInterfaceOrientationPortrait UIInterfaceOrientationLandscapeLeft UIInterfaceOrientationLandscapeRight";
				LD_RUNPATH_SEARCH_PATHS = (
					"$(inherited)",
					"@executable_path/Frameworks",
				);
				MARKETING_VERSION = 1.0;
				PRODUCT_BUNDLE_IDENTIFIER = "stardev.swiftui-component-examples";
				PRODUCT_NAME = "$(TARGET_NAME)";
				SWIFT_EMIT_LOC_STRINGS = YES;
				SWIFT_VERSION = 5.0;
				TARGETED_DEVICE_FAMILY = "1,2";
			};
			name = Release;
		};
/* End XCBuildConfiguration section */

/* Begin XCConfigurationList section */
		E143962029ACBC0700CC4E70 /* Build configuration list for PBXProject "swiftui-component-examples" */ = {
			isa = XCConfigurationList;
			buildConfigurations = (
				E143963129ACBC0800CC4E70 /* Debug */,
				E143963229ACBC0800CC4E70 /* Release */,
			);
			defaultConfigurationIsVisible = 0;
			defaultConfigurationName = Release;
		};
		E143963329ACBC0800CC4E70 /* Build configuration list for PBXNativeTarget "swiftui-component-examples" */ = {
			isa = XCConfigurationList;
			buildConfigurations = (
				E143963429ACBC0800CC4E70 /* Debug */,
				E143963529ACBC0800CC4E70 /* Release */,
			);
			defaultConfigurationIsVisible = 0;
			defaultConfigurationName = Release;
		};
/* End XCConfigurationList section */

/* Begin XCRemoteSwiftPackageReference section */
		E143963629ACBC5500CC4E70 /* XCRemoteSwiftPackageReference "NukeUI" */ = {
			isa = XCRemoteSwiftPackageReference;
			repositoryURL = "https://github.com/kean/NukeUI";
			requirement = {
				branch = main;
				kind = branch;
			};
		};
		E143963929ACBC8100CC4E70 /* XCRemoteSwiftPackageReference "grpc-swift" */ = {
			isa = XCRemoteSwiftPackageReference;
			repositoryURL = "https://github.com/grpc/grpc-swift";
			requirement = {
				kind = upToNextMajorVersion;
				minimumVersion = 1.0.0;
			};
		};
		E143963C29ACBCA800CC4E70 /* XCRemoteSwiftPackageReference "swift-protobuf" */ = {
			isa = XCRemoteSwiftPackageReference;
			repositoryURL = "https://github.com/apple/swift-protobuf.git";
			requirement = {
				kind = upToNextMajorVersion;
				minimumVersion = 1.0.0;
			};
		};
/* End XCRemoteSwiftPackageReference section */

/* Begin XCSwiftPackageProductDependency section */
		E143963729ACBC5500CC4E70 /* NukeUI */ = {
			isa = XCSwiftPackageProductDependency;
			package = E143963629ACBC5500CC4E70 /* XCRemoteSwiftPackageReference "NukeUI" */;
			productName = NukeUI;
		};
		E143963A29ACBC8100CC4E70 /* GRPC */ = {
			isa = XCSwiftPackageProductDependency;
			package = E143963929ACBC8100CC4E70 /* XCRemoteSwiftPackageReference "grpc-swift" */;
			productName = GRPC;
		};
		E143963D29ACBCA800CC4E70 /* SwiftProtobuf */ = {
			isa = XCSwiftPackageProductDependency;
			package = E143963C29ACBCA800CC4E70 /* XCRemoteSwiftPackageReference "swift-protobuf" */;
			productName = SwiftProtobuf;
		};
/* End XCSwiftPackageProductDependency section */
	};
	rootObject = E143961D29ACBC0700CC4E70 /* Project object */;
}
